
Microsoft Visual Studio Solution File, Format Version 12.00
# Visual Studio Version 16
VisualStudioVersion = 16.0.29209.62
MinimumVisualStudioVersion = 10.0.40219.1
Project("{FAE04EC0-301F-11D3-BF4B-00C04F79EFBC}") = "TesteDotNet", "TesteDotNet.csproj", "{3F8E7662-4618-4BDE-AD9C-9DF07158E9EB}"
EndProject
Global
	GlobalSection(SolutionConfigurationPlatforms) = preSolution
		Debug|Any CPU = Debug|Any CPU
		Release|Any CPU = Release|Any CPU
	EndGlobalSection
	GlobalSection(ProjectConfigurationPlatforms) = postSolution
		{3F8E7662-4618-4BDE-AD9C-9DF07158E9EB}.Debug|Any CPU.ActiveCfg = Debug|Any CPU
		{3F8E7662-4618-4BDE-AD9C-9DF07158E9EB}.Debug|Any CPU.Build.0 = Debug|Any CPU
		{3F8E7662-4618-4BDE-AD9C-9DF07158E9EB}.Release|Any CPU.ActiveCfg = Release|Any CPU
		{3F8E7662-4618-4BDE-AD9C-9DF07158E9EB}.Release|Any CPU.Build.0 = Release|Any CPU
	EndGlobalSection
	GlobalSection(SolutionProperties) = preSolution
		HideSolutionNode = FALSE
	EndGlobalSection
	GlobalSection(ExtensibilityGlobals) = postSolution
		SolutionGuid = {105C92F3-4A55-4F43-9066-8EAF45852DF3}
	EndGlobalSection
EndGlobal
